
Microsoft Visual Studio Solution File, Format Version 12.00
# Visual Studio Version 16
VisualStudioVersion = 16.0.30717.126
MinimumVisualStudioVersion = 10.0.40219.1
Project("{FAE04EC0-301F-11D3-BF4B-00C04F79EFBC}") = "Nummus", "Nummus\Nummus.csproj", "{40CA29C0-7CEB-4628-BBC8-05C9C23B8827}"
EndProject
Project("{FAE04EC0-301F-11D3-BF4B-00C04F79EFBC}") = "NummusUnitTests", "NummusUnitTests\NummusUnitTests.csproj", "{4A8C90F5-C559-422F-BAC5-F2ADE8326A61}"
EndProject
Global
	GlobalSection(SolutionConfigurationPlatforms) = preSolution
		Debug|Any CPU = Debug|Any CPU
		Release|Any CPU = Release|Any CPU
	EndGlobalSection
	GlobalSection(ProjectConfigurationPlatforms) = postSolution
		{40CA29C0-7CEB-4628-BBC8-05C9C23B8827}.Debug|Any CPU.ActiveCfg = Debug|Any CPU
		{40CA29C0-7CEB-4628-BBC8-05C9C23B8827}.Debug|Any CPU.Build.0 = Debug|Any CPU
		{40CA29C0-7CEB-4628-BBC8-05C9C23B8827}.Release|Any CPU.ActiveCfg = Release|Any CPU
		{40CA29C0-7CEB-4628-BBC8-05C9C23B8827}.Release|Any CPU.Build.0 = Release|Any CPU
		{4A8C90F5-C559-422F-BAC5-F2ADE8326A61}.Debug|Any CPU.ActiveCfg = Debug|Any CPU
		{4A8C90F5-C559-422F-BAC5-F2ADE8326A61}.Debug|Any CPU.Build.0 = Debug|Any CPU
		{4A8C90F5-C559-422F-BAC5-F2ADE8326A61}.Release|Any CPU.ActiveCfg = Release|Any CPU
		{4A8C90F5-C559-422F-BAC5-F2ADE8326A61}.Release|Any CPU.Build.0 = Release|Any CPU
	EndGlobalSection
	GlobalSection(SolutionProperties) = preSolution
		HideSolutionNode = FALSE
	EndGlobalSection
	GlobalSection(ExtensibilityGlobals) = postSolution
		SolutionGuid = {27B742D4-1B23-4F3F-881C-73C022DB6725}
	EndGlobalSection
EndGlobal
